
Microsoft Visual Studio Solution File, Format Version 12.00
# Visual Studio 15
VisualStudioVersion = 15.0.28010.2041
MinimumVisualStudioVersion = 10.0.40219.1
Project("{FAE04EC0-301F-11D3-BF4B-00C04F79EFBC}") = "MessageApp", "MessageApp\MessageApp.csproj", "{4EE82244-4833-41D1-8563-99E6497D4013}"
EndProject
Project("{FAE04EC0-301F-11D3-BF4B-00C04F79EFBC}") = "Repository", "Repository\Repository.csproj", "{6DEA851B-6B0B-48B6-B7F4-74AEF36EC962}"
EndProject
Project("{FAE04EC0-301F-11D3-BF4B-00C04F79EFBC}") = "Models", "Models\Models.csproj", "{0DD99C85-8E16-4890-A63D-25911DF7D339}"
EndProject
Global
	GlobalSection(SolutionConfigurationPlatforms) = preSolution
		Debug|Any CPU = Debug|Any CPU
		Release|Any CPU = Release|Any CPU
	EndGlobalSection
	GlobalSection(ProjectConfigurationPlatforms) = postSolution
		{4EE82244-4833-41D1-8563-99E6497D4013}.Debug|Any CPU.ActiveCfg = Debug|Any CPU
		{4EE82244-4833-41D1-8563-99E6497D4013}.Debug|Any CPU.Build.0 = Debug|Any CPU
		{4EE82244-4833-41D1-8563-99E6497D4013}.Release|Any CPU.ActiveCfg = Release|Any CPU
		{4EE82244-4833-41D1-8563-99E6497D4013}.Release|Any CPU.Build.0 = Release|Any CPU
		{6DEA851B-6B0B-48B6-B7F4-74AEF36EC962}.Debug|Any CPU.ActiveCfg = Debug|Any CPU
		{6DEA851B-6B0B-48B6-B7F4-74AEF36EC962}.Debug|Any CPU.Build.0 = Debug|Any CPU
		{6DEA851B-6B0B-48B6-B7F4-74AEF36EC962}.Release|Any CPU.ActiveCfg = Release|Any CPU
		{6DEA851B-6B0B-48B6-B7F4-74AEF36EC962}.Release|Any CPU.Build.0 = Release|Any CPU
		{0DD99C85-8E16-4890-A63D-25911DF7D339}.Debug|Any CPU.ActiveCfg = Debug|Any CPU
		{0DD99C85-8E16-4890-A63D-25911DF7D339}.Debug|Any CPU.Build.0 = Debug|Any CPU
		{0DD99C85-8E16-4890-A63D-25911DF7D339}.Release|Any CPU.ActiveCfg = Release|Any CPU
		{0DD99C85-8E16-4890-A63D-25911DF7D339}.Release|Any CPU.Build.0 = Release|Any CPU
	EndGlobalSection
	GlobalSection(SolutionProperties) = preSolution
		HideSolutionNode = FALSE
	EndGlobalSection
	GlobalSection(ExtensibilityGlobals) = postSolution
		SolutionGuid = {A5886F20-4CD0-456A-AB5A-59BD4ED1AAA7}
	EndGlobalSection
EndGlobal
